
Microsoft Visual Studio Solution File, Format Version 12.00
# Visual Studio Version 16
VisualStudioVersion = 16.0.31321.278
MinimumVisualStudioVersion = 10.0.40219.1
Project("{FAE04EC0-301F-11D3-BF4B-00C04F79EFBC}") = "FindMaxUsingGenerics", "FindMaxUsingGenerics\FindMaxUsingGenerics.csproj", "{5B5FE4A7-6001-4963-B38D-1F5C05363E1D}"
EndProject
Project("{FAE04EC0-301F-11D3-BF4B-00C04F79EFBC}") = "UnitTestProject1", "UnitTestProject1\UnitTestProject1.csproj", "{2A4FC0D0-727A-4408-8CB2-F982019EE4F3}"
EndProject
Global
	GlobalSection(SolutionConfigurationPlatforms) = preSolution
		Debug|Any CPU = Debug|Any CPU
		Release|Any CPU = Release|Any CPU
	EndGlobalSection
	GlobalSection(ProjectConfigurationPlatforms) = postSolution
		{5B5FE4A7-6001-4963-B38D-1F5C05363E1D}.Debug|Any CPU.ActiveCfg = Debug|Any CPU
		{5B5FE4A7-6001-4963-B38D-1F5C05363E1D}.Debug|Any CPU.Build.0 = Debug|Any CPU
		{5B5FE4A7-6001-4963-B38D-1F5C05363E1D}.Release|Any CPU.ActiveCfg = Release|Any CPU
		{5B5FE4A7-6001-4963-B38D-1F5C05363E1D}.Release|Any CPU.Build.0 = Release|Any CPU
		{2A4FC0D0-727A-4408-8CB2-F982019EE4F3}.Debug|Any CPU.ActiveCfg = Debug|Any CPU
		{2A4FC0D0-727A-4408-8CB2-F982019EE4F3}.Debug|Any CPU.Build.0 = Debug|Any CPU
		{2A4FC0D0-727A-4408-8CB2-F982019EE4F3}.Release|Any CPU.ActiveCfg = Release|Any CPU
		{2A4FC0D0-727A-4408-8CB2-F982019EE4F3}.Release|Any CPU.Build.0 = Release|Any CPU
	EndGlobalSection
	GlobalSection(SolutionProperties) = preSolution
		HideSolutionNode = FALSE
	EndGlobalSection
	GlobalSection(ExtensibilityGlobals) = postSolution
		SolutionGuid = {FF170455-9577-4AB8-BF0E-751B38631FCC}
	EndGlobalSection
EndGlobal
